
Microsoft Visual Studio Solution File, Format Version 12.00
# Visual Studio Version 16
VisualStudioVersion = 16.0.29409.12
MinimumVisualStudioVersion = 10.0.40219.1
Project("{2150E333-8FDC-42A3-9474-1A3956D46DE8}") = "External", "External", "{1B9A916F-DDAC-4675-B424-EDEDC1A58231}"
EndProject
Project("{2150E333-8FDC-42A3-9474-1A3956D46DE8}") = "Tests", "Tests", "{EAE139C2-B19C-4905-9117-8A4068ABD3D2}"
EndProject
Project("{2150E333-8FDC-42A3-9474-1A3956D46DE8}") = "Features", "Features", "{15D29FFD-6142-4DC5-AFFD-10BA0CA55C45}"
EndProject
Project("{9A19103F-16F7-4668-BE54-9A1E7A4F7556}") = "NBitcoin", "NBitcoin\NBitcoin.csproj", "{2051FCAC-D4C7-498D-B935-2E9E6DEA0C29}"
EndProject
Project("{9A19103F-16F7-4668-BE54-9A1E7A4F7556}") = "NBitcoin.Tests", "NBitcoin.Tests\NBitcoin.Tests.csproj", "{D97693D7-6A83-4143-83D8-621AC545D961}"
EndProject
Project("{2150E333-8FDC-42A3-9474-1A3956D46DE8}") = "Global", "Global", "{0C6FDCCE-6D75-441F-86FA-2AD177196BF8}"
	ProjectSection(SolutionItems) = preProject
		.editorconfig = .editorconfig
		Blockcore.ruleset = Blockcore.ruleset
		Directory.Build.props = Directory.Build.props
		None.ruleset = None.ruleset
		stylecop.json = stylecop.json
	EndProjectSection
EndProject
Project("{9A19103F-16F7-4668-BE54-9A1E7A4F7556}") = "Blockcore", "Blockcore\Blockcore.csproj", "{D939D7C0-5AE5-4CEC-B76D-BFB0FED32DF6}"
EndProject
Project("{9A19103F-16F7-4668-BE54-9A1E7A4F7556}") = "Blockcore.Features.Api", "Blockcore.Features.Api\Blockcore.Features.Api.csproj", "{0A261DE4-9EAD-46E9-860E-24B526986183}"
EndProject
Project("{9A19103F-16F7-4668-BE54-9A1E7A4F7556}") = "Blockcore.Features.BlockStore", "Blockcore.Features.BlockStore\Blockcore.Features.BlockStore.csproj", "{CEBDE187-8542-4D02-B5CF-0734C7FCEB21}"
EndProject
Project("{9A19103F-16F7-4668-BE54-9A1E7A4F7556}") = "Blockcore.Features.ColdStaking", "Blockcore.Features.ColdStaking\Blockcore.Features.ColdStaking.csproj", "{018AEE64-AEE6-4657-BF10-C3B0E39DE932}"
EndProject
Project("{9A19103F-16F7-4668-BE54-9A1E7A4F7556}") = "Blockcore.Features.Consensus", "Blockcore.Features.Consensus\Blockcore.Features.Consensus.csproj", "{E46CE6DE-AEB2-4DA0-9187-5F7D9E3A0731}"
EndProject
Project("{9A19103F-16F7-4668-BE54-9A1E7A4F7556}") = "Blockcore.Features.Dns", "Blockcore.Features.Dns\Blockcore.Features.Dns.csproj", "{5E70FCC3-64E3-458F-99E0-D5A958FFC433}"
EndProject
Project("{9A19103F-16F7-4668-BE54-9A1E7A4F7556}") = "Blockcore.Features.MemoryPool", "Blockcore.Features.MemoryPool\Blockcore.Features.MemoryPool.csproj", "{887856AD-2A0A-4F2A-811B-945BBA12B86F}"
EndProject
Project("{9A19103F-16F7-4668-BE54-9A1E7A4F7556}") = "Blockcore.Features.Miner", "Blockcore.Features.Miner\Blockcore.Features.Miner.csproj", "{40A0F1A2-0015-4143-ABAA-A72A7A3C8BB8}"
EndProject
Project("{9A19103F-16F7-4668-BE54-9A1E7A4F7556}") = "Blockcore.Features.PoA", "Blockcore.Features.PoA\Blockcore.Features.PoA.csproj", "{19C5BBC8-3B13-40EA-885C-D7459D4A6C2A}"
EndProject
Project("{9A19103F-16F7-4668-BE54-9A1E7A4F7556}") = "Blockcore.Features.RPC", "Blockcore.Features.RPC\Blockcore.Features.RPC.csproj", "{9DFE9CCA-40B7-4361-A847-0A5F2448049D}"
EndProject
Project("{9A19103F-16F7-4668-BE54-9A1E7A4F7556}") = "Blockcore.Features.SignalR", "Blockcore.Features.SignalR\Blockcore.Features.SignalR.csproj", "{449A7AF4-F3B8-44BA-A4E6-9EBCB6778F4E}"
EndProject
Project("{9A19103F-16F7-4668-BE54-9A1E7A4F7556}") = "Blockcore.Features.Wallet", "Blockcore.Features.Wallet\Blockcore.Features.Wallet.csproj", "{C61369DD-94EE-40CD-B24C-4B194C032DA1}"
EndProject
Project("{9A19103F-16F7-4668-BE54-9A1E7A4F7556}") = "Blockcore.Features.Diagnostic", "Blockcore.Features.Diagnostic\Blockcore.Features.Diagnostic.csproj", "{C1C07326-9530-46B5-BF7C-1A0A776BBB75}"
EndProject
Project("{9A19103F-16F7-4668-BE54-9A1E7A4F7556}") = "Blockcore.Features.Api.Tests", "Blockcore.Features.Api.Tests\Blockcore.Features.Api.Tests.csproj", "{7A5BBCD9-8FBF-4C16-915D-BE97D507BA49}"
EndProject
Project("{9A19103F-16F7-4668-BE54-9A1E7A4F7556}") = "Blockcore.Features.BlockStore.Tests", "Blockcore.Features.BlockStore.Tests\Blockcore.Features.BlockStore.Tests.csproj", "{78CB62F2-AD1B-4803-8071-8E9A62B4F846}"
EndProject
Project("{9A19103F-16F7-4668-BE54-9A1E7A4F7556}") = "Blockcore.Features.ColdStaking.Tests", "Blockcore.Features.ColdStaking.Tests\Blockcore.Features.ColdStaking.Tests.csproj", "{88BB9533-5A2E-4A28-9EBA-91003BEFA513}"
EndProject
Project("{9A19103F-16F7-4668-BE54-9A1E7A4F7556}") = "Blockcore.Features.Consensus.Tests", "Blockcore.Features.Consensus.Tests\Blockcore.Features.Consensus.Tests.csproj", "{51CF6594-3FB2-47B5-856C-DF9AC78E5F93}"
EndProject
Project("{9A19103F-16F7-4668-BE54-9A1E7A4F7556}") = "Blockcore.Features.Dns.Tests", "Blockcore.Features.Dns.Tests\Blockcore.Features.Dns.Tests.csproj", "{6B7CFBE4-FFB4-476C-9591-AC830155098D}"
EndProject
Project("{9A19103F-16F7-4668-BE54-9A1E7A4F7556}") = "Blockcore.Features.MemoryPool.Tests", "Blockcore.Features.MemoryPool.Tests\Blockcore.Features.MemoryPool.Tests.csproj", "{98B995CD-103C-49E1-BF85-C47ECD4DE575}"
EndProject
Project("{9A19103F-16F7-4668-BE54-9A1E7A4F7556}") = "Blockcore.Features.Miner.Tests", "Blockcore.Features.Miner.Tests\Blockcore.Features.Miner.Tests.csproj", "{218F996A-A9E8-4E80-B66F-2CCA43E40814}"
EndProject
Project("{9A19103F-16F7-4668-BE54-9A1E7A4F7556}") = "Blockcore.Features.PoA.Tests", "Blockcore.Features.PoA.Tests\Blockcore.Features.PoA.Tests.csproj", "{27035B7E-55B1-420D-9689-04AF98E5CA07}"
EndProject
Project("{9A19103F-16F7-4668-BE54-9A1E7A4F7556}") = "Blockcore.Features.RPC.Tests", "Blockcore.Features.RPC.Tests\Blockcore.Features.RPC.Tests.csproj", "{2B955DB4-35EC-4A61-8FDB-031150F2F8B1}"
EndProject
Project("{9A19103F-16F7-4668-BE54-9A1E7A4F7556}") = "Blockcore.Features.Wallet.Tests", "Blockcore.Features.Wallet.Tests\Blockcore.Features.Wallet.Tests.csproj", "{ED6B49D2-19D3-4133-9D0D-EC5E3BAFCF3D}"
EndProject
Project("{9A19103F-16F7-4668-BE54-9A1E7A4F7556}") = "Blockcore.IntegrationTests.Common", "Blockcore.IntegrationTests.Common\Blockcore.IntegrationTests.Common.csproj", "{BD1C008A-DD73-4637-A639-9032177B3B8B}"
EndProject
Project("{9A19103F-16F7-4668-BE54-9A1E7A4F7556}") = "Blockcore.Tests.Common", "Blockcore.Tests.Common\Blockcore.Tests.Common.csproj", "{13661028-7AB9-4A31-93F6-2647B1BA3459}"
EndProject
Project("{9A19103F-16F7-4668-BE54-9A1E7A4F7556}") = "Blockcore.Tests", "Blockcore.Tests\Blockcore.Tests.csproj", "{72466566-BED5-4F91-84E8-2B7874FF17FE}"
EndProject
Project("{9A19103F-16F7-4668-BE54-9A1E7A4F7556}") = "Blockcore.IntegrationTests", "Blockcore.IntegrationTests\Blockcore.IntegrationTests.csproj", "{D7745449-2E5A-4686-9ED6-4A65863F222D}"
EndProject
Project("{9A19103F-16F7-4668-BE54-9A1E7A4F7556}") = "Blockcore.Tests.Wallet.Common", "Blockcore.Tests.Wallet.Common\Blockcore.Tests.Wallet.Common.csproj", "{91D5975E-C6FF-4081-91A5-9EB9F74EEF10}"
EndProject
Project("{9A19103F-16F7-4668-BE54-9A1E7A4F7556}") = "Blockcore.Networks", "Blockcore.Networks\Blockcore.Networks.csproj", "{220480F8-8A32-48E9-8160-22392C21750E}"
EndProject
Project("{9A19103F-16F7-4668-BE54-9A1E7A4F7556}") = "BitcoinD", "Bitcoin\BitcoinD.csproj", "{729422D1-4E56-46EC-AFAA-3BD3CE9E9286}"
EndProject
Project("{9A19103F-16F7-4668-BE54-9A1E7A4F7556}") = "StratisD", "Stratis\StratisD.csproj", "{21ED8663-6753-4700-97AF-6467B2346D6F}"
EndProject
Project("{9A19103F-16F7-4668-BE54-9A1E7A4F7556}") = "StratisDnsD", "StratisDns\StratisDnsD.csproj", "{C2D30ACE-E56B-4729-98A0-86538E09F462}"
EndProject
Global
	GlobalSection(SolutionConfigurationPlatforms) = preSolution
		Debug|Any CPU = Debug|Any CPU
		Release|Any CPU = Release|Any CPU
	EndGlobalSection
	GlobalSection(ProjectConfigurationPlatforms) = postSolution
		{2051FCAC-D4C7-498D-B935-2E9E6DEA0C29}.Debug|Any CPU.ActiveCfg = Debug|Any CPU
		{2051FCAC-D4C7-498D-B935-2E9E6DEA0C29}.Debug|Any CPU.Build.0 = Debug|Any CPU
		{2051FCAC-D4C7-498D-B935-2E9E6DEA0C29}.Release|Any CPU.ActiveCfg = Release|Any CPU
		{2051FCAC-D4C7-498D-B935-2E9E6DEA0C29}.Release|Any CPU.Build.0 = Release|Any CPU
		{D97693D7-6A83-4143-83D8-621AC545D961}.Debug|Any CPU.ActiveCfg = Debug|Any CPU
		{D97693D7-6A83-4143-83D8-621AC545D961}.Debug|Any CPU.Build.0 = Debug|Any CPU
		{D97693D7-6A83-4143-83D8-621AC545D961}.Release|Any CPU.ActiveCfg = Release|Any CPU
		{D97693D7-6A83-4143-83D8-621AC545D961}.Release|Any CPU.Build.0 = Release|Any CPU
		{D939D7C0-5AE5-4CEC-B76D-BFB0FED32DF6}.Debug|Any CPU.ActiveCfg = Debug|Any CPU
		{D939D7C0-5AE5-4CEC-B76D-BFB0FED32DF6}.Debug|Any CPU.Build.0 = Debug|Any CPU
		{D939D7C0-5AE5-4CEC-B76D-BFB0FED32DF6}.Release|Any CPU.ActiveCfg = Release|Any CPU
		{D939D7C0-5AE5-4CEC-B76D-BFB0FED32DF6}.Release|Any CPU.Build.0 = Release|Any CPU
		{0A261DE4-9EAD-46E9-860E-24B526986183}.Debug|Any CPU.ActiveCfg = Debug|Any CPU
		{0A261DE4-9EAD-46E9-860E-24B526986183}.Debug|Any CPU.Build.0 = Debug|Any CPU
		{0A261DE4-9EAD-46E9-860E-24B526986183}.Release|Any CPU.ActiveCfg = Release|Any CPU
		{0A261DE4-9EAD-46E9-860E-24B526986183}.Release|Any CPU.Build.0 = Release|Any CPU
		{CEBDE187-8542-4D02-B5CF-0734C7FCEB21}.Debug|Any CPU.ActiveCfg = Debug|Any CPU
		{CEBDE187-8542-4D02-B5CF-0734C7FCEB21}.Debug|Any CPU.Build.0 = Debug|Any CPU
		{CEBDE187-8542-4D02-B5CF-0734C7FCEB21}.Release|Any CPU.ActiveCfg = Release|Any CPU
		{CEBDE187-8542-4D02-B5CF-0734C7FCEB21}.Release|Any CPU.Build.0 = Release|Any CPU
		{018AEE64-AEE6-4657-BF10-C3B0E39DE932}.Debug|Any CPU.ActiveCfg = Debug|Any CPU
		{018AEE64-AEE6-4657-BF10-C3B0E39DE932}.Debug|Any CPU.Build.0 = Debug|Any CPU
		{018AEE64-AEE6-4657-BF10-C3B0E39DE932}.Release|Any CPU.ActiveCfg = Release|Any CPU
		{018AEE64-AEE6-4657-BF10-C3B0E39DE932}.Release|Any CPU.Build.0 = Release|Any CPU
		{E46CE6DE-AEB2-4DA0-9187-5F7D9E3A0731}.Debug|Any CPU.ActiveCfg = Debug|Any CPU
		{E46CE6DE-AEB2-4DA0-9187-5F7D9E3A0731}.Debug|Any CPU.Build.0 = Debug|Any CPU
		{E46CE6DE-AEB2-4DA0-9187-5F7D9E3A0731}.Release|Any CPU.ActiveCfg = Release|Any CPU
		{E46CE6DE-AEB2-4DA0-9187-5F7D9E3A0731}.Release|Any CPU.Build.0 = Release|Any CPU
		{5E70FCC3-64E3-458F-99E0-D5A958FFC433}.Debug|Any CPU.ActiveCfg = Debug|Any CPU
		{5E70FCC3-64E3-458F-99E0-D5A958FFC433}.Debug|Any CPU.Build.0 = Debug|Any CPU
		{5E70FCC3-64E3-458F-99E0-D5A958FFC433}.Release|Any CPU.ActiveCfg = Release|Any CPU
		{5E70FCC3-64E3-458F-99E0-D5A958FFC433}.Release|Any CPU.Build.0 = Release|Any CPU
		{887856AD-2A0A-4F2A-811B-945BBA12B86F}.Debug|Any CPU.ActiveCfg = Debug|Any CPU
		{887856AD-2A0A-4F2A-811B-945BBA12B86F}.Debug|Any CPU.Build.0 = Debug|Any CPU
		{887856AD-2A0A-4F2A-811B-945BBA12B86F}.Release|Any CPU.ActiveCfg = Release|Any CPU
		{887856AD-2A0A-4F2A-811B-945BBA12B86F}.Release|Any CPU.Build.0 = Release|Any CPU
		{40A0F1A2-0015-4143-ABAA-A72A7A3C8BB8}.Debug|Any CPU.ActiveCfg = Debug|Any CPU
		{40A0F1A2-0015-4143-ABAA-A72A7A3C8BB8}.Debug|Any CPU.Build.0 = Debug|Any CPU
		{40A0F1A2-0015-4143-ABAA-A72A7A3C8BB8}.Release|Any CPU.ActiveCfg = Release|Any CPU
		{40A0F1A2-0015-4143-ABAA-A72A7A3C8BB8}.Release|Any CPU.Build.0 = Release|Any CPU
		{19C5BBC8-3B13-40EA-885C-D7459D4A6C2A}.Debug|Any CPU.ActiveCfg = Debug|Any CPU
		{19C5BBC8-3B13-40EA-885C-D7459D4A6C2A}.Debug|Any CPU.Build.0 = Debug|Any CPU
		{19C5BBC8-3B13-40EA-885C-D7459D4A6C2A}.Release|Any CPU.ActiveCfg = Release|Any CPU
		{19C5BBC8-3B13-40EA-885C-D7459D4A6C2A}.Release|Any CPU.Build.0 = Release|Any CPU
		{9DFE9CCA-40B7-4361-A847-0A5F2448049D}.Debug|Any CPU.ActiveCfg = Debug|Any CPU
		{9DFE9CCA-40B7-4361-A847-0A5F2448049D}.Debug|Any CPU.Build.0 = Debug|Any CPU
		{9DFE9CCA-40B7-4361-A847-0A5F2448049D}.Release|Any CPU.ActiveCfg = Release|Any CPU
		{9DFE9CCA-40B7-4361-A847-0A5F2448049D}.Release|Any CPU.Build.0 = Release|Any CPU
		{449A7AF4-F3B8-44BA-A4E6-9EBCB6778F4E}.Debug|Any CPU.ActiveCfg = Debug|Any CPU
		{449A7AF4-F3B8-44BA-A4E6-9EBCB6778F4E}.Debug|Any CPU.Build.0 = Debug|Any CPU
		{449A7AF4-F3B8-44BA-A4E6-9EBCB6778F4E}.Release|Any CPU.ActiveCfg = Release|Any CPU
		{449A7AF4-F3B8-44BA-A4E6-9EBCB6778F4E}.Release|Any CPU.Build.0 = Release|Any CPU
		{C61369DD-94EE-40CD-B24C-4B194C032DA1}.Debug|Any CPU.ActiveCfg = Debug|Any CPU
		{C61369DD-94EE-40CD-B24C-4B194C032DA1}.Debug|Any CPU.Build.0 = Debug|Any CPU
		{C61369DD-94EE-40CD-B24C-4B194C032DA1}.Release|Any CPU.ActiveCfg = Release|Any CPU
		{C61369DD-94EE-40CD-B24C-4B194C032DA1}.Release|Any CPU.Build.0 = Release|Any CPU
		{C1C07326-9530-46B5-BF7C-1A0A776BBB75}.Debug|Any CPU.ActiveCfg = Debug|Any CPU
		{C1C07326-9530-46B5-BF7C-1A0A776BBB75}.Debug|Any CPU.Build.0 = Debug|Any CPU
		{C1C07326-9530-46B5-BF7C-1A0A776BBB75}.Release|Any CPU.ActiveCfg = Release|Any CPU
		{C1C07326-9530-46B5-BF7C-1A0A776BBB75}.Release|Any CPU.Build.0 = Release|Any CPU
		{7A5BBCD9-8FBF-4C16-915D-BE97D507BA49}.Debug|Any CPU.ActiveCfg = Debug|Any CPU
		{7A5BBCD9-8FBF-4C16-915D-BE97D507BA49}.Debug|Any CPU.Build.0 = Debug|Any CPU
		{7A5BBCD9-8FBF-4C16-915D-BE97D507BA49}.Release|Any CPU.ActiveCfg = Release|Any CPU
		{7A5BBCD9-8FBF-4C16-915D-BE97D507BA49}.Release|Any CPU.Build.0 = Release|Any CPU
		{78CB62F2-AD1B-4803-8071-8E9A62B4F846}.Debug|Any CPU.ActiveCfg = Debug|Any CPU
		{78CB62F2-AD1B-4803-8071-8E9A62B4F846}.Debug|Any CPU.Build.0 = Debug|Any CPU
		{78CB62F2-AD1B-4803-8071-8E9A62B4F846}.Release|Any CPU.ActiveCfg = Release|Any CPU
		{78CB62F2-AD1B-4803-8071-8E9A62B4F846}.Release|Any CPU.Build.0 = Release|Any CPU
		{88BB9533-5A2E-4A28-9EBA-91003BEFA513}.Debug|Any CPU.ActiveCfg = Debug|Any CPU
		{88BB9533-5A2E-4A28-9EBA-91003BEFA513}.Debug|Any CPU.Build.0 = Debug|Any CPU
		{88BB9533-5A2E-4A28-9EBA-91003BEFA513}.Release|Any CPU.ActiveCfg = Release|Any CPU
		{88BB9533-5A2E-4A28-9EBA-91003BEFA513}.Release|Any CPU.Build.0 = Release|Any CPU
		{51CF6594-3FB2-47B5-856C-DF9AC78E5F93}.Debug|Any CPU.ActiveCfg = Debug|Any CPU
		{51CF6594-3FB2-47B5-856C-DF9AC78E5F93}.Debug|Any CPU.Build.0 = Debug|Any CPU
		{51CF6594-3FB2-47B5-856C-DF9AC78E5F93}.Release|Any CPU.ActiveCfg = Release|Any CPU
		{51CF6594-3FB2-47B5-856C-DF9AC78E5F93}.Release|Any CPU.Build.0 = Release|Any CPU
		{6B7CFBE4-FFB4-476C-9591-AC830155098D}.Debug|Any CPU.ActiveCfg = Debug|Any CPU
		{6B7CFBE4-FFB4-476C-9591-AC830155098D}.Debug|Any CPU.Build.0 = Debug|Any CPU
		{6B7CFBE4-FFB4-476C-9591-AC830155098D}.Release|Any CPU.ActiveCfg = Release|Any CPU
		{6B7CFBE4-FFB4-476C-9591-AC830155098D}.Release|Any CPU.Build.0 = Release|Any CPU
		{98B995CD-103C-49E1-BF85-C47ECD4DE575}.Debug|Any CPU.ActiveCfg = Debug|Any CPU
		{98B995CD-103C-49E1-BF85-C47ECD4DE575}.Debug|Any CPU.Build.0 = Debug|Any CPU
		{98B995CD-103C-49E1-BF85-C47ECD4DE575}.Release|Any CPU.ActiveCfg = Release|Any CPU
		{98B995CD-103C-49E1-BF85-C47ECD4DE575}.Release|Any CPU.Build.0 = Release|Any CPU
		{218F996A-A9E8-4E80-B66F-2CCA43E40814}.Debug|Any CPU.ActiveCfg = Debug|Any CPU
		{218F996A-A9E8-4E80-B66F-2CCA43E40814}.Debug|Any CPU.Build.0 = Debug|Any CPU
		{218F996A-A9E8-4E80-B66F-2CCA43E40814}.Release|Any CPU.ActiveCfg = Release|Any CPU
		{218F996A-A9E8-4E80-B66F-2CCA43E40814}.Release|Any CPU.Build.0 = Release|Any CPU
		{27035B7E-55B1-420D-9689-04AF98E5CA07}.Debug|Any CPU.ActiveCfg = Debug|Any CPU
		{27035B7E-55B1-420D-9689-04AF98E5CA07}.Debug|Any CPU.Build.0 = Debug|Any CPU
		{27035B7E-55B1-420D-9689-04AF98E5CA07}.Release|Any CPU.ActiveCfg = Release|Any CPU
		{27035B7E-55B1-420D-9689-04AF98E5CA07}.Release|Any CPU.Build.0 = Release|Any CPU
		{2B955DB4-35EC-4A61-8FDB-031150F2F8B1}.Debug|Any CPU.ActiveCfg = Debug|Any CPU
		{2B955DB4-35EC-4A61-8FDB-031150F2F8B1}.Debug|Any CPU.Build.0 = Debug|Any CPU
		{2B955DB4-35EC-4A61-8FDB-031150F2F8B1}.Release|Any CPU.ActiveCfg = Release|Any CPU
		{2B955DB4-35EC-4A61-8FDB-031150F2F8B1}.Release|Any CPU.Build.0 = Release|Any CPU
		{ED6B49D2-19D3-4133-9D0D-EC5E3BAFCF3D}.Debug|Any CPU.ActiveCfg = Debug|Any CPU
		{ED6B49D2-19D3-4133-9D0D-EC5E3BAFCF3D}.Debug|Any CPU.Build.0 = Debug|Any CPU
		{ED6B49D2-19D3-4133-9D0D-EC5E3BAFCF3D}.Release|Any CPU.ActiveCfg = Release|Any CPU
		{ED6B49D2-19D3-4133-9D0D-EC5E3BAFCF3D}.Release|Any CPU.Build.0 = Release|Any CPU
		{BD1C008A-DD73-4637-A639-9032177B3B8B}.Debug|Any CPU.ActiveCfg = Debug|Any CPU
		{BD1C008A-DD73-4637-A639-9032177B3B8B}.Debug|Any CPU.Build.0 = Debug|Any CPU
		{BD1C008A-DD73-4637-A639-9032177B3B8B}.Release|Any CPU.ActiveCfg = Release|Any CPU
		{BD1C008A-DD73-4637-A639-9032177B3B8B}.Release|Any CPU.Build.0 = Release|Any CPU
		{13661028-7AB9-4A31-93F6-2647B1BA3459}.Debug|Any CPU.ActiveCfg = Debug|Any CPU
		{13661028-7AB9-4A31-93F6-2647B1BA3459}.Debug|Any CPU.Build.0 = Debug|Any CPU
		{13661028-7AB9-4A31-93F6-2647B1BA3459}.Release|Any CPU.ActiveCfg = Release|Any CPU
		{13661028-7AB9-4A31-93F6-2647B1BA3459}.Release|Any CPU.Build.0 = Release|Any CPU
		{72466566-BED5-4F91-84E8-2B7874FF17FE}.Debug|Any CPU.ActiveCfg = Debug|Any CPU
		{72466566-BED5-4F91-84E8-2B7874FF17FE}.Debug|Any CPU.Build.0 = Debug|Any CPU
		{72466566-BED5-4F91-84E8-2B7874FF17FE}.Release|Any CPU.ActiveCfg = Release|Any CPU
		{72466566-BED5-4F91-84E8-2B7874FF17FE}.Release|Any CPU.Build.0 = Release|Any CPU
		{D7745449-2E5A-4686-9ED6-4A65863F222D}.Debug|Any CPU.ActiveCfg = Debug|Any CPU
		{D7745449-2E5A-4686-9ED6-4A65863F222D}.Debug|Any CPU.Build.0 = Debug|Any CPU
		{D7745449-2E5A-4686-9ED6-4A65863F222D}.Release|Any CPU.ActiveCfg = Release|Any CPU
		{D7745449-2E5A-4686-9ED6-4A65863F222D}.Release|Any CPU.Build.0 = Release|Any CPU
		{91D5975E-C6FF-4081-91A5-9EB9F74EEF10}.Debug|Any CPU.ActiveCfg = Debug|Any CPU
		{91D5975E-C6FF-4081-91A5-9EB9F74EEF10}.Debug|Any CPU.Build.0 = Debug|Any CPU
		{91D5975E-C6FF-4081-91A5-9EB9F74EEF10}.Release|Any CPU.ActiveCfg = Release|Any CPU
		{91D5975E-C6FF-4081-91A5-9EB9F74EEF10}.Release|Any CPU.Build.0 = Release|Any CPU
		{220480F8-8A32-48E9-8160-22392C21750E}.Debug|Any CPU.ActiveCfg = Debug|Any CPU
		{220480F8-8A32-48E9-8160-22392C21750E}.Debug|Any CPU.Build.0 = Debug|Any CPU
		{220480F8-8A32-48E9-8160-22392C21750E}.Release|Any CPU.ActiveCfg = Release|Any CPU
		{220480F8-8A32-48E9-8160-22392C21750E}.Release|Any CPU.Build.0 = Release|Any CPU
		{729422D1-4E56-46EC-AFAA-3BD3CE9E9286}.Debug|Any CPU.ActiveCfg = Debug|Any CPU
		{729422D1-4E56-46EC-AFAA-3BD3CE9E9286}.Debug|Any CPU.Build.0 = Debug|Any CPU
		{729422D1-4E56-46EC-AFAA-3BD3CE9E9286}.Release|Any CPU.ActiveCfg = Release|Any CPU
		{729422D1-4E56-46EC-AFAA-3BD3CE9E9286}.Release|Any CPU.Build.0 = Release|Any CPU
		{21ED8663-6753-4700-97AF-6467B2346D6F}.Debug|Any CPU.ActiveCfg = Debug|Any CPU
		{21ED8663-6753-4700-97AF-6467B2346D6F}.Debug|Any CPU.Build.0 = Debug|Any CPU
		{21ED8663-6753-4700-97AF-6467B2346D6F}.Release|Any CPU.ActiveCfg = Release|Any CPU
		{21ED8663-6753-4700-97AF-6467B2346D6F}.Release|Any CPU.Build.0 = Release|Any CPU
		{C2D30ACE-E56B-4729-98A0-86538E09F462}.Debug|Any CPU.ActiveCfg = Debug|Any CPU
		{C2D30ACE-E56B-4729-98A0-86538E09F462}.Debug|Any CPU.Build.0 = Debug|Any CPU
		{C2D30ACE-E56B-4729-98A0-86538E09F462}.Release|Any CPU.ActiveCfg = Release|Any CPU
		{C2D30ACE-E56B-4729-98A0-86538E09F462}.Release|Any CPU.Build.0 = Release|Any CPU
	EndGlobalSection
	GlobalSection(SolutionProperties) = preSolution
		HideSolutionNode = FALSE
	EndGlobalSection
	GlobalSection(NestedProjects) = preSolution
		{2051FCAC-D4C7-498D-B935-2E9E6DEA0C29} = {1B9A916F-DDAC-4675-B424-EDEDC1A58231}
		{D97693D7-6A83-4143-83D8-621AC545D961} = {1B9A916F-DDAC-4675-B424-EDEDC1A58231}
		{0A261DE4-9EAD-46E9-860E-24B526986183} = {15D29FFD-6142-4DC5-AFFD-10BA0CA55C45}
		{CEBDE187-8542-4D02-B5CF-0734C7FCEB21} = {15D29FFD-6142-4DC5-AFFD-10BA0CA55C45}
		{018AEE64-AEE6-4657-BF10-C3B0E39DE932} = {15D29FFD-6142-4DC5-AFFD-10BA0CA55C45}
		{E46CE6DE-AEB2-4DA0-9187-5F7D9E3A0731} = {15D29FFD-6142-4DC5-AFFD-10BA0CA55C45}
		{5E70FCC3-64E3-458F-99E0-D5A958FFC433} = {15D29FFD-6142-4DC5-AFFD-10BA0CA55C45}
		{887856AD-2A0A-4F2A-811B-945BBA12B86F} = {15D29FFD-6142-4DC5-AFFD-10BA0CA55C45}
		{40A0F1A2-0015-4143-ABAA-A72A7A3C8BB8} = {15D29FFD-6142-4DC5-AFFD-10BA0CA55C45}
		{19C5BBC8-3B13-40EA-885C-D7459D4A6C2A} = {15D29FFD-6142-4DC5-AFFD-10BA0CA55C45}
		{9DFE9CCA-40B7-4361-A847-0A5F2448049D} = {15D29FFD-6142-4DC5-AFFD-10BA0CA55C45}
		{449A7AF4-F3B8-44BA-A4E6-9EBCB6778F4E} = {15D29FFD-6142-4DC5-AFFD-10BA0CA55C45}
		{C61369DD-94EE-40CD-B24C-4B194C032DA1} = {15D29FFD-6142-4DC5-AFFD-10BA0CA55C45}
		{C1C07326-9530-46B5-BF7C-1A0A776BBB75} = {15D29FFD-6142-4DC5-AFFD-10BA0CA55C45}
		{7A5BBCD9-8FBF-4C16-915D-BE97D507BA49} = {EAE139C2-B19C-4905-9117-8A4068ABD3D2}
		{78CB62F2-AD1B-4803-8071-8E9A62B4F846} = {EAE139C2-B19C-4905-9117-8A4068ABD3D2}
		{88BB9533-5A2E-4A28-9EBA-91003BEFA513} = {EAE139C2-B19C-4905-9117-8A4068ABD3D2}
		{51CF6594-3FB2-47B5-856C-DF9AC78E5F93} = {EAE139C2-B19C-4905-9117-8A4068ABD3D2}
		{6B7CFBE4-FFB4-476C-9591-AC830155098D} = {EAE139C2-B19C-4905-9117-8A4068ABD3D2}
		{98B995CD-103C-49E1-BF85-C47ECD4DE575} = {EAE139C2-B19C-4905-9117-8A4068ABD3D2}
		{218F996A-A9E8-4E80-B66F-2CCA43E40814} = {EAE139C2-B19C-4905-9117-8A4068ABD3D2}
		{27035B7E-55B1-420D-9689-04AF98E5CA07} = {EAE139C2-B19C-4905-9117-8A4068ABD3D2}
		{2B955DB4-35EC-4A61-8FDB-031150F2F8B1} = {EAE139C2-B19C-4905-9117-8A4068ABD3D2}
		{ED6B49D2-19D3-4133-9D0D-EC5E3BAFCF3D} = {EAE139C2-B19C-4905-9117-8A4068ABD3D2}
		{BD1C008A-DD73-4637-A639-9032177B3B8B} = {EAE139C2-B19C-4905-9117-8A4068ABD3D2}
		{13661028-7AB9-4A31-93F6-2647B1BA3459} = {EAE139C2-B19C-4905-9117-8A4068ABD3D2}
		{72466566-BED5-4F91-84E8-2B7874FF17FE} = {EAE139C2-B19C-4905-9117-8A4068ABD3D2}
		{D7745449-2E5A-4686-9ED6-4A65863F222D} = {EAE139C2-B19C-4905-9117-8A4068ABD3D2}
		{91D5975E-C6FF-4081-91A5-9EB9F74EEF10} = {EAE139C2-B19C-4905-9117-8A4068ABD3D2}
	EndGlobalSection
	GlobalSection(ExtensibilityGlobals) = postSolution
		SolutionGuid = {6C780ABA-5872-4B83-AD3F-A5BD423AD907}
	EndGlobalSection
EndGlobal
